
Microsoft Visual Studio Solution File, Format Version 12.00
# Visual Studio 14
VisualStudioVersion = 14.0.23107.0
MinimumVisualStudioVersion = 10.0.40219.1
Project("{FAE04EC0-301F-11D3-BF4B-00C04F79EFBC}") = "launcher", "launcher\launcher.csproj", "{2D074032-901A-4814-8C32-9BDC0D173B0F}"
EndProject
Project("{2150E333-8FDC-42A3-9474-1A3956D46DE8}") = "Solution Items", "Solution Items", "{DFCBCF16-2F32-4C69-8442-87A87E86CCEB}"
EndProject
Project("{FAE04EC0-301F-11D3-BF4B-00C04F79EFBC}") = "l.updater", "l.updater\l.updater.csproj", "{A544A5F0-7AF2-4727-B919-C951A434F4D5}"
EndProject
Global
	GlobalSection(SolutionConfigurationPlatforms) = preSolution
		Debug|Any CPU = Debug|Any CPU
		Release|Any CPU = Release|Any CPU
	EndGlobalSection
	GlobalSection(ProjectConfigurationPlatforms) = postSolution
		{2D074032-901A-4814-8C32-9BDC0D173B0F}.Debug|Any CPU.ActiveCfg = Debug|Any CPU
		{2D074032-901A-4814-8C32-9BDC0D173B0F}.Debug|Any CPU.Build.0 = Debug|Any CPU
		{2D074032-901A-4814-8C32-9BDC0D173B0F}.Release|Any CPU.ActiveCfg = Release|Any CPU
		{2D074032-901A-4814-8C32-9BDC0D173B0F}.Release|Any CPU.Build.0 = Release|Any CPU
		{A544A5F0-7AF2-4727-B919-C951A434F4D5}.Debug|Any CPU.ActiveCfg = Debug|Any CPU
		{A544A5F0-7AF2-4727-B919-C951A434F4D5}.Debug|Any CPU.Build.0 = Debug|Any CPU
		{A544A5F0-7AF2-4727-B919-C951A434F4D5}.Release|Any CPU.ActiveCfg = Release|Any CPU
		{A544A5F0-7AF2-4727-B919-C951A434F4D5}.Release|Any CPU.Build.0 = Release|Any CPU
	EndGlobalSection
	GlobalSection(SolutionProperties) = preSolution
		HideSolutionNode = FALSE
	EndGlobalSection
EndGlobal
